// !$*UTF8*$!
{
	archiveVersion = 1;
	classes = {
	};
	objectVersion = 50;
	objects = {

/* Begin PBXBuildFile section */
		28667530249FCD1700C47FCC /* AppDelegate.swift in Sources */ = {isa = PBXBuildFile; fileRef = 2866752F249FCD1700C47FCC /* AppDelegate.swift */; };
		28667532249FCD1700C47FCC /* SceneDelegate.swift in Sources */ = {isa = PBXBuildFile; fileRef = 28667531249FCD1700C47FCC /* SceneDelegate.swift */; };
		28667534249FCD1700C47FCC /* ContentView.swift in Sources */ = {isa = PBXBuildFile; fileRef = 28667533249FCD1700C47FCC /* ContentView.swift */; };
		28667536249FCD1900C47FCC /* Assets.xcassets in Resources */ = {isa = PBXBuildFile; fileRef = 28667535249FCD1900C47FCC /* Assets.xcassets */; };
		28667539249FCD1900C47FCC /* Preview Assets.xcassets in Resources */ = {isa = PBXBuildFile; fileRef = 28667538249FCD1900C47FCC /* Preview Assets.xcassets */; };
		2866753C249FCD1900C47FCC /* LaunchScreen.storyboard in Resources */ = {isa = PBXBuildFile; fileRef = 2866753A249FCD1900C47FCC /* LaunchScreen.storyboard */; };
		289DC4F724A7FA9000041835 /* NetworkManager.swift in Sources */ = {isa = PBXBuildFile; fileRef = 289DC4F624A7FA9000041835 /* NetworkManager.swift */; };
		289DC4F924A7FC5500041835 /* PostData.swift in Sources */ = {isa = PBXBuildFile; fileRef = 289DC4F824A7FC5500041835 /* PostData.swift */; };
		289DC4FC24A8032400041835 /* DetailView.swift in Sources */ = {isa = PBXBuildFile; fileRef = 289DC4FB24A8032400041835 /* DetailView.swift */; };
		289DC4FE24A8072800041835 /* WebView.swift in Sources */ = {isa = PBXBuildFile; fileRef = 289DC4FD24A8072800041835 /* WebView.swift */; };
/* End PBXBuildFile section */

/* Begin PBXFileReference section */
		2866752C249FCD1700C47FCC /* H4x0R News.app */ = {isa = PBXFileReference; explicitFileType = wrapper.application; includeInIndex = 0; path = "H4x0R News.app"; sourceTree = BUILT_PRODUCTS_DIR; };
		2866752F249FCD1700C47FCC /* AppDelegate.swift */ = {isa = PBXFileReference; lastKnownFileType = sourcecode.swift; path = AppDelegate.swift; sourceTree = "<group>"; };
		28667531249FCD1700C47FCC /* SceneDelegate.swift */ = {isa = PBXFileReference; lastKnownFileType = sourcecode.swift; path = SceneDelegate.swift; sourceTree = "<group>"; };
		28667533249FCD1700C47FCC /* ContentView.swift */ = {isa = PBXFileReference; lastKnownFileType = sourcecode.swift; path = ContentView.swift; sourceTree = "<group>"; };
		28667535249FCD1900C47FCC /* Assets.xcassets */ = {isa = PBXFileReference; lastKnownFileType = folder.assetcatalog; path = Assets.xcassets; sourceTree = "<group>"; };
		28667538249FCD1900C47FCC /* Preview Assets.xcassets */ = {isa = PBXFileReference; lastKnownFileType = folder.assetcatalog; path = "Preview Assets.xcassets"; sourceTree = "<group>"; };
		2866753B249FCD1900C47FCC /* Base */ = {isa = PBXFileReference; lastKnownFileType = file.storyboard; name = Base; path = Base.lproj/LaunchScreen.storyboard; sourceTree = "<group>"; };
		2866753D249FCD1900C47FCC /* Info.plist */ = {isa = PBXFileReference; lastKnownFileType = text.plist.xml; path = Info.plist; sourceTree = "<group>"; };
		289DC4F624A7FA9000041835 /* NetworkManager.swift */ = {isa = PBXFileReference; lastKnownFileType = sourcecode.swift; path = NetworkManager.swift; sourceTree = "<group>"; };
		289DC4F824A7FC5500041835 /* PostData.swift */ = {isa = PBXFileReference; lastKnownFileType = sourcecode.swift; path = PostData.swift; sourceTree = "<group>"; };
		289DC4FB24A8032400041835 /* DetailView.swift */ = {isa = PBXFileReference; lastKnownFileType = sourcecode.swift; path = DetailView.swift; sourceTree = "<group>"; };
		289DC4FD24A8072800041835 /* WebView.swift */ = {isa = PBXFileReference; lastKnownFileType = sourcecode.swift; path = WebView.swift; sourceTree = "<group>"; };
/* End PBXFileReference section */

/* Begin PBXFrameworksBuildPhase section */
		28667529249FCD1700C47FCC /* Frameworks */ = {
			isa = PBXFrameworksBuildPhase;
			buildActionMask = 2147483647;
			files = (
			);
			runOnlyForDeploymentPostprocessing = 0;
		};
/* End PBXFrameworksBuildPhase section */

/* Begin PBXGroup section */
		28667523249FCD1700C47FCC = {
			isa = PBXGroup;
			children = (
				2866752E249FCD1700C47FCC /* H4x0R News */,
				2866752D249FCD1700C47FCC /* Products */,
			);
			sourceTree = "<group>";
		};
		2866752D249FCD1700C47FCC /* Products */ = {
			isa = PBXGroup;
			children = (
				2866752C249FCD1700C47FCC /* H4x0R News.app */,
			);
			name = Products;
			sourceTree = "<group>";
		};
		2866752E249FCD1700C47FCC /* H4x0R News */ = {
			isa = PBXGroup;
			children = (
				289DC4F524A7FA7100041835 /* Models */,
				2866752F249FCD1700C47FCC /* AppDelegate.swift */,
				28667531249FCD1700C47FCC /* SceneDelegate.swift */,
				289DC4FA24A8030D00041835 /* Views */,
				28667535249FCD1900C47FCC /* Assets.xcassets */,
				2866753A249FCD1900C47FCC /* LaunchScreen.storyboard */,
				2866753D249FCD1900C47FCC /* Info.plist */,
				28667537249FCD1900C47FCC /* Preview Content */,
			);
			path = "H4x0R News";
			sourceTree = "<group>";
		};
		28667537249FCD1900C47FCC /* Preview Content */ = {
			isa = PBXGroup;
			children = (
				28667538249FCD1900C47FCC /* Preview Assets.xcassets */,
			);
			path = "Preview Content";
			sourceTree = "<group>";
		};
		289DC4F524A7FA7100041835 /* Models */ = {
			isa = PBXGroup;
			children = (
				289DC4F624A7FA9000041835 /* NetworkManager.swift */,
				289DC4F824A7FC5500041835 /* PostData.swift */,
			);
			path = Models;
			sourceTree = "<group>";
		};
		289DC4FA24A8030D00041835 /* Views */ = {
			isa = PBXGroup;
			children = (
				28667533249FCD1700C47FCC /* ContentView.swift */,
				289DC4FB24A8032400041835 /* DetailView.swift */,
				289DC4FD24A8072800041835 /* WebView.swift */,
			);
			path = Views;
			sourceTree = "<group>";
		};
/* End PBXGroup section */

/* Begin PBXNativeTarget section */
		2866752B249FCD1700C47FCC /* H4x0R News */ = {
			isa = PBXNativeTarget;
			buildConfigurationList = 28667540249FCD1900C47FCC /* Build configuration list for PBXNativeTarget "H4x0R News" */;
			buildPhases = (
				28667528249FCD1700C47FCC /* Sources */,
				28667529249FCD1700C47FCC /* Frameworks */,
				2866752A249FCD1700C47FCC /* Resources */,
			);
			buildRules = (
			);
			dependencies = (
			);
			name = "H4x0R News";
			productName = "H4x0R News";
			productReference = 2866752C249FCD1700C47FCC /* H4x0R News.app */;
			productType = "com.apple.product-type.application";
		};
/* End PBXNativeTarget section */

/* Begin PBXProject section */
		28667524249FCD1700C47FCC /* Project object */ = {
			isa = PBXProject;
			attributes = {
				LastSwiftUpdateCheck = 1150;
				LastUpgradeCheck = 1150;
				ORGANIZATIONNAME = "Vinicius Santana";
				TargetAttributes = {
					2866752B249FCD1700C47FCC = {
						CreatedOnToolsVersion = 11.5;
					};
				};
			};
			buildConfigurationList = 28667527249FCD1700C47FCC /* Build configuration list for PBXProject "H4x0R News" */;
			compatibilityVersion = "Xcode 9.3";
			developmentRegion = en;
			hasScannedForEncodings = 0;
			knownRegions = (
				en,
				Base,
			);
			mainGroup = 28667523249FCD1700C47FCC;
			productRefGroup = 2866752D249FCD1700C47FCC /* Products */;
			projectDirPath = "";
			projectRoot = "";
			targets = (
				2866752B249FCD1700C47FCC /* H4x0R News */,
			);
		};
/* End PBXProject section */

/* Begin PBXResourcesBuildPhase section */
		2866752A249FCD1700C47FCC /* Resources */ = {
			isa = PBXResourcesBuildPhase;
			buildActionMask = 2147483647;
			files = (
				2866753C249FCD1900C47FCC /* LaunchScreen.storyboard in Resources */,
				28667539249FCD1900C47FCC /* Preview Assets.xcassets in Resources */,
				28667536249FCD1900C47FCC /* Assets.xcassets in Resources */,
			);
			runOnlyForDeploymentPostprocessing = 0;
		};
/* End PBXResourcesBuildPhase section */

/* Begin PBXSourcesBuildPhase section */
		28667528249FCD1700C47FCC /* Sources */ = {
			isa = PBXSourcesBuildPhase;
			buildActionMask = 2147483647;
			files = (
				289DC4F924A7FC5500041835 /* PostData.swift in Sources */,
				289DC4FC24A8032400041835 /* DetailView.swift in Sources */,
				289DC4F724A7FA9000041835 /* NetworkManager.swift in Sources */,
				28667530249FCD1700C47FCC /* AppDelegate.swift in Sources */,
				28667532249FCD1700C47FCC /* SceneDelegate.swift in Sources */,
				28667534249FCD1700C47FCC /* ContentView.swift in Sources */,
				289DC4FE24A8072800041835 /* WebView.swift in Sources */,
			);
			runOnlyForDeploymentPostprocessing = 0;
		};
/* End PBXSourcesBuildPhase section */

/* Begin PBXVariantGroup section */
		2866753A249FCD1900C47FCC /* LaunchScreen.storyboard */ = {
			isa = PBXVariantGroup;
			children = (
				2866753B249FCD1900C47FCC /* Base */,
			);
			name = LaunchScreen.storyboard;
			sourceTree = "<group>";
		};
/* End PBXVariantGroup section */

/* Begin XCBuildConfiguration section */
		2866753E249FCD1900C47FCC /* Debug */ = {
			isa = XCBuildConfiguration;
			buildSettings = {
				ALWAYS_SEARCH_USER_PATHS = NO;
				CLANG_ANALYZER_NONNULL = YES;
				CLANG_ANALYZER_NUMBER_OBJECT_CONVERSION = YES_AGGRESSIVE;
				CLANG_CXX_LANGUAGE_STANDARD = "gnu++14";
				CLANG_CXX_LIBRARY = "libc++";
				CLANG_ENABLE_MODULES = YES;
				CLANG_ENABLE_OBJC_ARC = YES;
				CLANG_ENABLE_OBJC_WEAK = YES;
				CLANG_WARN_BLOCK_CAPTURE_AUTORELEASING = YES;
				CLANG_WARN_BOOL_CONVERSION = YES;
				CLANG_WARN_COMMA = YES;
				CLANG_WARN_CONSTANT_CONVERSION = YES;
				CLANG_WARN_DEPRECATED_OBJC_IMPLEMENTATIONS = YES;
				CLANG_WARN_DIRECT_OBJC_ISA_USAGE = YES_ERROR;
				CLANG_WARN_DOCUMENTATION_COMMENTS = YES;
				CLANG_WARN_EMPTY_BODY = YES;
				CLANG_WARN_ENUM_CONVERSION = YES;
				CLANG_WARN_INFINITE_RECURSION = YES;
				CLANG_WARN_INT_CONVERSION = YES;
				CLANG_WARN_NON_LITERAL_NULL_CONVERSION = YES;
				CLANG_WARN_OBJC_IMPLICIT_RETAIN_SELF = YES;
				CLANG_WARN_OBJC_LITERAL_CONVERSION = YES;
				CLANG_WARN_OBJC_ROOT_CLASS = YES_ERROR;
				CLANG_WARN_RANGE_LOOP_ANALYSIS = YES;
				CLANG_WARN_STRICT_PROTOTYPES = YES;
				CLANG_WARN_SUSPICIOUS_MOVE = YES;
				CLANG_WARN_UNGUARDED_AVAILABILITY = YES_AGGRESSIVE;
				CLANG_WARN_UNREACHABLE_CODE = YES;
				CLANG_WARN__DUPLICATE_METHOD_MATCH = YES;
				COPY_PHASE_STRIP = NO;
				DEBUG_INFORMATION_FORMAT = dwarf;
				ENABLE_STRICT_OBJC_MSGSEND = YES;
				ENABLE_TESTABILITY = YES;
				GCC_C_LANGUAGE_STANDARD = gnu11;
				GCC_DYNAMIC_NO_PIC = NO;
				GCC_NO_COMMON_BLOCKS = YES;
				GCC_OPTIMIZATION_LEVEL = 0;
				GCC_PREPROCESSOR_DEFINITIONS = (
					"DEBUG=1",
					"$(inherited)",
				);
				GCC_WARN_64_TO_32_BIT_CONVERSION = YES;
				GCC_WARN_ABOUT_RETURN_TYPE = YES_ERROR;
				GCC_WARN_UNDECLARED_SELECTOR = YES;
				GCC_WARN_UNINITIALIZED_AUTOS = YES_AGGRESSIVE;
				GCC_WARN_UNUSED_FUNCTION = YES;
				GCC_WARN_UNUSED_VARIABLE = YES;
				IPHONEOS_DEPLOYMENT_TARGET = 13.5;
				MTL_ENABLE_DEBUG_INFO = INCLUDE_SOURCE;
				MTL_FAST_MATH = YES;
				ONLY_ACTIVE_ARCH = YES;
				SDKROOT = iphoneos;
				SWIFT_ACTIVE_COMPILATION_CONDITIONS = DEBUG;
				SWIFT_OPTIMIZATION_LEVEL = "-Onone";
			};
			name = Debug;
		};
		2866753F249FCD1900C47FCC /* Release */ = {
			isa = XCBuildConfiguration;
			buildSettings = {
				ALWAYS_SEARCH_USER_PATHS = NO;
				CLANG_ANALYZER_NONNULL = YES;
				CLANG_ANALYZER_NUMBER_OBJECT_CONVERSION = YES_AGGRESSIVE;
				CLANG_CXX_LANGUAGE_STANDARD = "gnu++14";
				CLANG_CXX_LIBRARY = "libc++";
				CLANG_ENABLE_MODULES = YES;
				CLANG_ENABLE_OBJC_ARC = YES;
				CLANG_ENABLE_OBJC_WEAK = YES;
				CLANG_WARN_BLOCK_CAPTURE_AUTORELEASING = YES;
				CLANG_WARN_BOOL_CONVERSION = YES;
				CLANG_WARN_COMMA = YES;
				CLANG_WARN_CONSTANT_CONVERSION = YES;
				CLANG_WARN_DEPRECATED_OBJC_IMPLEMENTATIONS = YES;
				CLANG_WARN_DIRECT_OBJC_ISA_USAGE = YES_ERROR;
				CLANG_WARN_DOCUMENTATION_COMMENTS = YES;
				CLANG_WARN_EMPTY_BODY = YES;
				CLANG_WARN_ENUM_CONVERSION = YES;
				CLANG_WARN_INFINITE_RECURSION = YES;
				CLANG_WARN_INT_CONVERSION = YES;
				CLANG_WARN_NON_LITERAL_NULL_CONVERSION = YES;
				CLANG_WARN_OBJC_IMPLICIT_RETAIN_SELF = YES;
				CLANG_WARN_OBJC_LITERAL_CONVERSION = YES;
				CLANG_WARN_OBJC_ROOT_CLASS = YES_ERROR;
				CLANG_WARN_RANGE_LOOP_ANALYSIS = YES;
				CLANG_WARN_STRICT_PROTOTYPES = YES;
				CLANG_WARN_SUSPICIOUS_MOVE = YES;
				CLANG_WARN_UNGUARDED_AVAILABILITY = YES_AGGRESSIVE;
				CLANG_WARN_UNREACHABLE_CODE = YES;
				CLANG_WARN__DUPLICATE_METHOD_MATCH = YES;
				COPY_PHASE_STRIP = NO;
				DEBUG_INFORMATION_FORMAT = "dwarf-with-dsym";
				ENABLE_NS_ASSERTIONS = NO;
				ENABLE_STRICT_OBJC_MSGSEND = YES;
				GCC_C_LANGUAGE_STANDARD = gnu11;
				GCC_NO_COMMON_BLOCKS = YES;
				GCC_WARN_64_TO_32_BIT_CONVERSION = YES;
				GCC_WARN_ABOUT_RETURN_TYPE = YES_ERROR;
				GCC_WARN_UNDECLARED_SELECTOR = YES;
				GCC_WARN_UNINITIALIZED_AUTOS = YES_AGGRESSIVE;
				GCC_WARN_UNUSED_FUNCTION = YES;
				GCC_WARN_UNUSED_VARIABLE = YES;
				IPHONEOS_DEPLOYMENT_TARGET = 13.5;
				MTL_ENABLE_DEBUG_INFO = NO;
				MTL_FAST_MATH = YES;
				SDKROOT = iphoneos;
				SWIFT_COMPILATION_MODE = wholemodule;
				SWIFT_OPTIMIZATION_LEVEL = "-O";
				VALIDATE_PRODUCT = YES;
			};
			name = Release;
		};
		28667541249FCD1900C47FCC /* Debug */ = {
			isa = XCBuildConfiguration;
			buildSettings = {
				ASSETCATALOG_COMPILER_APPICON_NAME = AppIcon;
				CODE_SIGN_ENTITLEMENTS = "H4x0R News/H4x0R News.entitlements";
				CODE_SIGN_IDENTITY = "Apple Development";
				"CODE_SIGN_IDENTITY[sdk=macosx*]" = "Apple Development";
				CODE_SIGN_STYLE = Automatic;
				DEVELOPMENT_ASSET_PATHS = "\"H4x0R News/Preview Content\"";
				DEVELOPMENT_TEAM = "";
				ENABLE_PREVIEWS = YES;
				INFOPLIST_FILE = "H4x0R News/Info.plist";
				LD_RUNPATH_SEARCH_PATHS = (
					"$(inherited)",
					"@executable_path/Frameworks",
				);
				PRODUCT_BUNDLE_IDENTIFIER = "br.com.vasantana.H4x0R-News";
				"PRODUCT_BUNDLE_IDENTIFIER[sdk=macosx*]" = maccatalyst.;
				PRODUCT_NAME = "$(TARGET_NAME)";
				PROVISIONING_PROFILE_SPECIFIER = "";
				"PROVISIONING_PROFILE_SPECIFIER[sdk=macosx*]" = "";
				SUPPORTS_MACCATALYST = NO;
				SWIFT_VERSION = 5.0;
				TARGETED_DEVICE_FAMILY = "1,2";
			};
			name = Debug;
		};
		28667542249FCD1900C47FCC /* Release */ = {
			isa = XCBuildConfiguration;
			buildSettings = {
				ASSETCATALOG_COMPILER_APPICON_NAME = AppIcon;
				CODE_SIGN_ENTITLEMENTS = "H4x0R News/H4x0R News.entitlements";
				CODE_SIGN_IDENTITY = "Apple Development";
				"CODE_SIGN_IDENTITY[sdk=macosx*]" = "Apple Development";
				CODE_SIGN_STYLE = Automatic;
				DEVELOPMENT_ASSET_PATHS = "\"H4x0R News/Preview Content\"";
				DEVELOPMENT_TEAM = "";
				ENABLE_PREVIEWS = YES;
				INFOPLIST_FILE = "H4x0R News/Info.plist";
				LD_RUNPATH_SEARCH_PATHS = (
					"$(inherited)",
					"@executable_path/Frameworks",
				);
				PRODUCT_BUNDLE_IDENTIFIER = "br.com.vasantana.H4x0R-News";
				"PRODUCT_BUNDLE_IDENTIFIER[sdk=macosx*]" = maccatalyst.;
				PRODUCT_NAME = "$(TARGET_NAME)";
				PROVISIONING_PROFILE_SPECIFIER = "";
				"PROVISIONING_PROFILE_SPECIFIER[sdk=macosx*]" = "";
				SUPPORTS_MACCATALYST = NO;
				SWIFT_VERSION = 5.0;
				TARGETED_DEVICE_FAMILY = "1,2";
			};
			name = Release;
		};
/* End XCBuildConfiguration section */

/* Begin XCConfigurationList section */
		28667527249FCD1700C47FCC /* Build configuration list for PBXProject "H4x0R News" */ = {
			isa = XCConfigurationList;
			buildConfigurations = (
				2866753E249FCD1900C47FCC /* Debug */,
				2866753F249FCD1900C47FCC /* Release */,
			);
			defaultConfigurationIsVisible = 0;
			defaultConfigurationName = Release;
		};
		28667540249FCD1900C47FCC /* Build configuration list for PBXNativeTarget "H4x0R News" */ = {
			isa = XCConfigurationList;
			buildConfigurations = (
				28667541249FCD1900C47FCC /* Debug */,
				28667542249FCD1900C47FCC /* Release */,
			);
			defaultConfigurationIsVisible = 0;
			defaultConfigurationName = Release;
		};
/* End XCConfigurationList section */
	};
	rootObject = 28667524249FCD1700C47FCC /* Project object */;
}
